{
  "pins" : [
    {
      "identity" : "swift-argument-parser",
      "kind" : "remoteSourceControl",
      "location" : "https://github.com/apple/swift-argument-parser",
      "state" : {
        "revision" : "309a47b2b1d9b5e991f36961c983ecec72275be3",
        "version" : "1.6.1"
      }
    },
    {
      "identity" : "swift-subprocess",
      "kind" : "remoteSourceControl",
      "location" : "https://github.com/swiftlang/swift-subprocess",
      "state" : {
        "branch" : "main",
        "revision" : "afc1f734feb29c3a1ebbd97cc1fe943f8e5d80e5"
      }
    },
    {
      "identity" : "swift-system",
      "kind" : "remoteSourceControl",
      "location" : "https://github.com/apple/swift-system",
      "state" : {
        "revision" : "61e4ca4b81b9e09e2ec863b00c340eb13497dac6",
        "version" : "1.5.0"
      }
    },
    {
      "identity" : "swiftsh.binaries",
      "kind" : "remoteSourceControl",
      "location" : "https://github.com/migueldeicaza/SwiftSH.binaries",
      "state" : {
        "branch" : "master",
        "revision" : "3ce9fc6d6f26f43952a78d9431985a59008d14d2"
      }
    }
  ],
  "version" : 2
}
