// !$*UTF8*$!
{
	archiveVersion = 1;
	classes = {
	};
	objectVersion = 52;
	objects = {

/* Begin PBXBuildFile section */
		4936D22124512AF2005CEE27 /* UIKitSshTerminalView.swift in Sources */ = {isa = PBXBuildFile; fileRef = 4936D22024512AF2005CEE27 /* UIKitSshTerminalView.swift */; };
		4959FFDB2447F971001F42C0 /* SwiftTerm in Frameworks */ = {isa = PBXBuildFile; productRef = 4959FFDA2447F971001F42C0 /* SwiftTerm */; };
		498667052575F1FD006BFFA0 /* SwiftSH in Frameworks */ = {isa = PBXBuildFile; productRef = 498667042575F1FD006BFFA0 /* SwiftSH */; };
		49BD1A5E224207B5005A2252 /* AppDelegate.swift in Sources */ = {isa = PBXBuildFile; fileRef = 49BD1A5D224207B5005A2252 /* AppDelegate.swift */; };
		49BD1A60224207B5005A2252 /* ViewController.swift in Sources */ = {isa = PBXBuildFile; fileRef = 49BD1A5F224207B5005A2252 /* ViewController.swift */; };
		49BD1A63224207B5005A2252 /* Main.storyboard in Resources */ = {isa = PBXBuildFile; fileRef = 49BD1A61224207B5005A2252 /* Main.storyboard */; };
		49BD1A65224207B7005A2252 /* Assets.xcassets in Resources */ = {isa = PBXBuildFile; fileRef = 49BD1A64224207B7005A2252 /* Assets.xcassets */; };
		49BD1A68224207B7005A2252 /* LaunchScreen.storyboard in Resources */ = {isa = PBXBuildFile; fileRef = 49BD1A66224207B7005A2252 /* LaunchScreen.storyboard */; };
/* End PBXBuildFile section */

/* Begin PBXCopyFilesBuildPhase section */
		498666E52574A727006BFFA0 /* Embed Frameworks */ = {
			isa = PBXCopyFilesBuildPhase;
			buildActionMask = 2147483647;
			dstPath = "";
			dstSubfolderSpec = 10;
			files = (
			);
			name = "Embed Frameworks";
			runOnlyForDeploymentPostprocessing = 0;
		};
/* End PBXCopyFilesBuildPhase section */

/* Begin PBXFileReference section */
		4936D22024512AF2005CEE27 /* UIKitSshTerminalView.swift */ = {isa = PBXFileReference; lastKnownFileType = sourcecode.swift; path = UIKitSshTerminalView.swift; sourceTree = "<group>"; };
		49BD1A5A224207B5005A2252 /* iOSTerminal.app */ = {isa = PBXFileReference; explicitFileType = wrapper.application; includeInIndex = 0; path = iOSTerminal.app; sourceTree = BUILT_PRODUCTS_DIR; };
		49BD1A5D224207B5005A2252 /* AppDelegate.swift */ = {isa = PBXFileReference; lastKnownFileType = sourcecode.swift; path = AppDelegate.swift; sourceTree = "<group>"; };
		49BD1A5F224207B5005A2252 /* ViewController.swift */ = {isa = PBXFileReference; lastKnownFileType = sourcecode.swift; path = ViewController.swift; sourceTree = "<group>"; };
		49BD1A62224207B5005A2252 /* Base */ = {isa = PBXFileReference; lastKnownFileType = file.storyboard; name = Base; path = Base.lproj/Main.storyboard; sourceTree = "<group>"; };
		49BD1A64224207B7005A2252 /* Assets.xcassets */ = {isa = PBXFileReference; lastKnownFileType = folder.assetcatalog; path = Assets.xcassets; sourceTree = "<group>"; };
		49BD1A67224207B7005A2252 /* Base */ = {isa = PBXFileReference; lastKnownFileType = file.storyboard; name = Base; path = Base.lproj/LaunchScreen.storyboard; sourceTree = "<group>"; };
		49BD1A69224207B7005A2252 /* Info.plist */ = {isa = PBXFileReference; lastKnownFileType = text.plist.xml; path = Info.plist; sourceTree = "<group>"; };
		75247796245897E3001B12E7 /* SwiftTerm */ = {isa = PBXFileReference; lastKnownFileType = folder; name = SwiftTerm; path = ..; sourceTree = "<group>"; };
/* End PBXFileReference section */

/* Begin PBXFrameworksBuildPhase section */
		49BD1A57224207B5005A2252 /* Frameworks */ = {
			isa = PBXFrameworksBuildPhase;
			buildActionMask = 2147483647;
			files = (
				4959FFDB2447F971001F42C0 /* SwiftTerm in Frameworks */,
				498667052575F1FD006BFFA0 /* SwiftSH in Frameworks */,
			);
			runOnlyForDeploymentPostprocessing = 0;
		};
/* End PBXFrameworksBuildPhase section */

/* Begin PBXGroup section */
		49AE019F2410AB0A0051E902 /* Frameworks */ = {
			isa = PBXGroup;
			children = (
			);
			name = Frameworks;
			sourceTree = "<group>";
		};
		49BD1A51224207B4005A2252 = {
			isa = PBXGroup;
			children = (
				75247796245897E3001B12E7 /* SwiftTerm */,
				49BD1A5C224207B5005A2252 /* iOSTerminal */,
				49BD1A5B224207B5005A2252 /* Products */,
				49AE019F2410AB0A0051E902 /* Frameworks */,
			);
			indentWidth = 4;
			sourceTree = "<group>";
			tabWidth = 4;
		};
		49BD1A5B224207B5005A2252 /* Products */ = {
			isa = PBXGroup;
			children = (
				49BD1A5A224207B5005A2252 /* iOSTerminal.app */,
			);
			name = Products;
			sourceTree = "<group>";
		};
		49BD1A5C224207B5005A2252 /* iOSTerminal */ = {
			isa = PBXGroup;
			children = (
				49BD1A5D224207B5005A2252 /* AppDelegate.swift */,
				49BD1A5F224207B5005A2252 /* ViewController.swift */,
				49BD1A61224207B5005A2252 /* Main.storyboard */,
				49BD1A64224207B7005A2252 /* Assets.xcassets */,
				49BD1A66224207B7005A2252 /* LaunchScreen.storyboard */,
				49BD1A69224207B7005A2252 /* Info.plist */,
				4936D22024512AF2005CEE27 /* UIKitSshTerminalView.swift */,
			);
			path = iOSTerminal;
			sourceTree = "<group>";
		};
/* End PBXGroup section */

/* Begin PBXNativeTarget section */
		49BD1A59224207B5005A2252 /* iOSTerminal */ = {
			isa = PBXNativeTarget;
			buildConfigurationList = 49BD1A77224207B7005A2252 /* Build configuration list for PBXNativeTarget "iOSTerminal" */;
			buildPhases = (
				49BD1A56224207B5005A2252 /* Sources */,
				49BD1A57224207B5005A2252 /* Frameworks */,
				49BD1A58224207B5005A2252 /* Resources */,
				498666E52574A727006BFFA0 /* Embed Frameworks */,
			);
			buildRules = (
			);
			dependencies = (
			);
			name = iOSTerminal;
			packageProductDependencies = (
				4959FFDA2447F971001F42C0 /* SwiftTerm */,
				498667042575F1FD006BFFA0 /* SwiftSH */,
			);
			productName = SwiftTerm;
			productReference = 49BD1A5A224207B5005A2252 /* iOSTerminal.app */;
			productType = "com.apple.product-type.application";
		};
/* End PBXNativeTarget section */

/* Begin PBXProject section */
		49BD1A52224207B4005A2252 /* Project object */ = {
			isa = PBXProject;
			attributes = {
				LastSwiftUpdateCheck = 1130;
				LastUpgradeCheck = 1010;
				ORGANIZATIONNAME = "Miguel de Icaza";
				TargetAttributes = {
					49BD1A59224207B5005A2252 = {
						CreatedOnToolsVersion = 10.1;
						LastSwiftMigration = 1130;
					};
				};
			};
			buildConfigurationList = 49BD1A55224207B4005A2252 /* Build configuration list for PBXProject "iOSTerminal" */;
			compatibilityVersion = "Xcode 9.3";
			developmentRegion = en;
			hasScannedForEncodings = 0;
			knownRegions = (
				en,
				Base,
			);
			mainGroup = 49BD1A51224207B4005A2252;
			packageReferences = (
				498667032575F1FD006BFFA0 /* XCRemoteSwiftPackageReference "SwiftSH" */,
			);
			productRefGroup = 49BD1A5B224207B5005A2252 /* Products */;
			projectDirPath = "";
			projectRoot = "";
			targets = (
				49BD1A59224207B5005A2252 /* iOSTerminal */,
			);
		};
/* End PBXProject section */

/* Begin PBXResourcesBuildPhase section */
		49BD1A58224207B5005A2252 /* Resources */ = {
			isa = PBXResourcesBuildPhase;
			buildActionMask = 2147483647;
			files = (
				49BD1A68224207B7005A2252 /* LaunchScreen.storyboard in Resources */,
				49BD1A65224207B7005A2252 /* Assets.xcassets in Resources */,
				49BD1A63224207B5005A2252 /* Main.storyboard in Resources */,
			);
			runOnlyForDeploymentPostprocessing = 0;
		};
/* End PBXResourcesBuildPhase section */

/* Begin PBXSourcesBuildPhase section */
		49BD1A56224207B5005A2252 /* Sources */ = {
			isa = PBXSourcesBuildPhase;
			buildActionMask = 2147483647;
			files = (
				4936D22124512AF2005CEE27 /* UIKitSshTerminalView.swift in Sources */,
				49BD1A60224207B5005A2252 /* ViewController.swift in Sources */,
				49BD1A5E224207B5005A2252 /* AppDelegate.swift in Sources */,
			);
			runOnlyForDeploymentPostprocessing = 0;
		};
/* End PBXSourcesBuildPhase section */

/* Begin PBXVariantGroup section */
		49BD1A61224207B5005A2252 /* Main.storyboard */ = {
			isa = PBXVariantGroup;
			children = (
				49BD1A62224207B5005A2252 /* Base */,
			);
			name = Main.storyboard;
			sourceTree = "<group>";
		};
		49BD1A66224207B7005A2252 /* LaunchScreen.storyboard */ = {
			isa = PBXVariantGroup;
			children = (
				49BD1A67224207B7005A2252 /* Base */,
			);
			name = LaunchScreen.storyboard;
			sourceTree = "<group>";
		};
/* End PBXVariantGroup section */

/* Begin XCBuildConfiguration section */
		49BD1A75224207B7005A2252 /* Debug */ = {
			isa = XCBuildConfiguration;
			buildSettings = {
				ALWAYS_SEARCH_USER_PATHS = NO;
				CLANG_ANALYZER_NONNULL = YES;
				CLANG_ANALYZER_NUMBER_OBJECT_CONVERSION = YES_AGGRESSIVE;
				CLANG_CXX_LANGUAGE_STANDARD = "gnu++14";
				CLANG_CXX_LIBRARY = "libc++";
				CLANG_ENABLE_MODULES = YES;
				CLANG_ENABLE_OBJC_ARC = YES;
				CLANG_ENABLE_OBJC_WEAK = YES;
				CLANG_WARN_BLOCK_CAPTURE_AUTORELEASING = YES;
				CLANG_WARN_BOOL_CONVERSION = YES;
				CLANG_WARN_COMMA = YES;
				CLANG_WARN_CONSTANT_CONVERSION = YES;
				CLANG_WARN_DEPRECATED_OBJC_IMPLEMENTATIONS = YES;
				CLANG_WARN_DIRECT_OBJC_ISA_USAGE = YES_ERROR;
				CLANG_WARN_DOCUMENTATION_COMMENTS = YES;
				CLANG_WARN_EMPTY_BODY = YES;
				CLANG_WARN_ENUM_CONVERSION = YES;
				CLANG_WARN_INFINITE_RECURSION = YES;
				CLANG_WARN_INT_CONVERSION = YES;
				CLANG_WARN_NON_LITERAL_NULL_CONVERSION = YES;
				CLANG_WARN_OBJC_IMPLICIT_RETAIN_SELF = YES;
				CLANG_WARN_OBJC_LITERAL_CONVERSION = YES;
				CLANG_WARN_OBJC_ROOT_CLASS = YES_ERROR;
				CLANG_WARN_RANGE_LOOP_ANALYSIS = YES;
				CLANG_WARN_STRICT_PROTOTYPES = YES;
				CLANG_WARN_SUSPICIOUS_MOVE = YES;
				CLANG_WARN_UNGUARDED_AVAILABILITY = YES_AGGRESSIVE;
				CLANG_WARN_UNREACHABLE_CODE = YES;
				CLANG_WARN__DUPLICATE_METHOD_MATCH = YES;
				CODE_SIGN_IDENTITY = "iPhone Developer";
				COPY_PHASE_STRIP = NO;
				DEBUG_INFORMATION_FORMAT = dwarf;
				ENABLE_STRICT_OBJC_MSGSEND = YES;
				ENABLE_TESTABILITY = YES;
				GCC_C_LANGUAGE_STANDARD = gnu11;
				GCC_DYNAMIC_NO_PIC = NO;
				GCC_NO_COMMON_BLOCKS = YES;
				GCC_OPTIMIZATION_LEVEL = 0;
				GCC_PREPROCESSOR_DEFINITIONS = (
					"DEBUG=1",
					"$(inherited)",
				);
				GCC_WARN_64_TO_32_BIT_CONVERSION = YES;
				GCC_WARN_ABOUT_RETURN_TYPE = YES_ERROR;
				GCC_WARN_UNDECLARED_SELECTOR = YES;
				GCC_WARN_UNINITIALIZED_AUTOS = YES_AGGRESSIVE;
				GCC_WARN_UNUSED_FUNCTION = YES;
				GCC_WARN_UNUSED_VARIABLE = YES;
				IPHONEOS_DEPLOYMENT_TARGET = 13.0;
				MACOSX_DEPLOYMENT_TARGET = 10.15;
				MTL_ENABLE_DEBUG_INFO = INCLUDE_SOURCE;
				MTL_FAST_MATH = YES;
				ONLY_ACTIVE_ARCH = YES;
				SDKROOT = iphoneos;
				SWIFT_ACTIVE_COMPILATION_CONDITIONS = DEBUG;
				SWIFT_OPTIMIZATION_LEVEL = "-Onone";
			};
			name = Debug;
		};
		49BD1A76224207B7005A2252 /* Release */ = {
			isa = XCBuildConfiguration;
			buildSettings = {
				ALWAYS_SEARCH_USER_PATHS = NO;
				CLANG_ANALYZER_NONNULL = YES;
				CLANG_ANALYZER_NUMBER_OBJECT_CONVERSION = YES_AGGRESSIVE;
				CLANG_CXX_LANGUAGE_STANDARD = "gnu++14";
				CLANG_CXX_LIBRARY = "libc++";
				CLANG_ENABLE_MODULES = YES;
				CLANG_ENABLE_OBJC_ARC = YES;
				CLANG_ENABLE_OBJC_WEAK = YES;
				CLANG_WARN_BLOCK_CAPTURE_AUTORELEASING = YES;
				CLANG_WARN_BOOL_CONVERSION = YES;
				CLANG_WARN_COMMA = YES;
				CLANG_WARN_CONSTANT_CONVERSION = YES;
				CLANG_WARN_DEPRECATED_OBJC_IMPLEMENTATIONS = YES;
				CLANG_WARN_DIRECT_OBJC_ISA_USAGE = YES_ERROR;
				CLANG_WARN_DOCUMENTATION_COMMENTS = YES;
				CLANG_WARN_EMPTY_BODY = YES;
				CLANG_WARN_ENUM_CONVERSION = YES;
				CLANG_WARN_INFINITE_RECURSION = YES;
				CLANG_WARN_INT_CONVERSION = YES;
				CLANG_WARN_NON_LITERAL_NULL_CONVERSION = YES;
				CLANG_WARN_OBJC_IMPLICIT_RETAIN_SELF = YES;
				CLANG_WARN_OBJC_LITERAL_CONVERSION = YES;
				CLANG_WARN_OBJC_ROOT_CLASS = YES_ERROR;
				CLANG_WARN_RANGE_LOOP_ANALYSIS = YES;
				CLANG_WARN_STRICT_PROTOTYPES = YES;
				CLANG_WARN_SUSPICIOUS_MOVE = YES;
				CLANG_WARN_UNGUARDED_AVAILABILITY = YES_AGGRESSIVE;
				CLANG_WARN_UNREACHABLE_CODE = YES;
				CLANG_WARN__DUPLICATE_METHOD_MATCH = YES;
				CODE_SIGN_IDENTITY = "iPhone Developer";
				COPY_PHASE_STRIP = NO;
				DEBUG_INFORMATION_FORMAT = "dwarf-with-dsym";
				ENABLE_NS_ASSERTIONS = NO;
				ENABLE_STRICT_OBJC_MSGSEND = YES;
				GCC_C_LANGUAGE_STANDARD = gnu11;
				GCC_NO_COMMON_BLOCKS = YES;
				GCC_WARN_64_TO_32_BIT_CONVERSION = YES;
				GCC_WARN_ABOUT_RETURN_TYPE = YES_ERROR;
				GCC_WARN_UNDECLARED_SELECTOR = YES;
				GCC_WARN_UNINITIALIZED_AUTOS = YES_AGGRESSIVE;
				GCC_WARN_UNUSED_FUNCTION = YES;
				GCC_WARN_UNUSED_VARIABLE = YES;
				IPHONEOS_DEPLOYMENT_TARGET = 13.0;
				MACOSX_DEPLOYMENT_TARGET = 10.15;
				MTL_ENABLE_DEBUG_INFO = NO;
				MTL_FAST_MATH = YES;
				ONLY_ACTIVE_ARCH = YES;
				SDKROOT = iphoneos;
				SWIFT_COMPILATION_MODE = wholemodule;
				SWIFT_OPTIMIZATION_LEVEL = "-O";
				VALIDATE_PRODUCT = YES;
			};
			name = Release;
		};
		49BD1A78224207B7005A2252 /* Debug */ = {
			isa = XCBuildConfiguration;
			buildSettings = {
				ASSETCATALOG_COMPILER_APPICON_NAME = AppIcon;
				CODE_SIGN_STYLE = Automatic;
				DEVELOPMENT_TEAM = PJQC57N853;
				INFOPLIST_FILE = "$(PRODUCT_NAME)/Info.plist";
				IPHONEOS_DEPLOYMENT_TARGET = 13.0;
				LD_RUNPATH_SEARCH_PATHS = (
					"$(inherited)",
					"@executable_path/Frameworks",
				);
				PRODUCT_BUNDLE_IDENTIFIER = org.tirania.SwiftTerm.iosSampleApp;
				PRODUCT_NAME = "$(TARGET_NAME)";
				SWIFT_VERSION = 5.0;
				TARGETED_DEVICE_FAMILY = "1,2";
			};
			name = Debug;
		};
		49BD1A79224207B7005A2252 /* Release */ = {
			isa = XCBuildConfiguration;
			buildSettings = {
				ASSETCATALOG_COMPILER_APPICON_NAME = AppIcon;
				CODE_SIGN_STYLE = Automatic;
				DEVELOPMENT_TEAM = PJQC57N853;
				INFOPLIST_FILE = "$(PRODUCT_NAME)/Info.plist";
				IPHONEOS_DEPLOYMENT_TARGET = 13.0;
				LD_RUNPATH_SEARCH_PATHS = (
					"$(inherited)",
					"@executable_path/Frameworks",
				);
				PRODUCT_BUNDLE_IDENTIFIER = org.tirania.SwiftTerm.iosSampleApp;
				PRODUCT_NAME = "$(TARGET_NAME)";
				SWIFT_VERSION = 5.0;
				TARGETED_DEVICE_FAMILY = "1,2";
			};
			name = Release;
		};
/* End XCBuildConfiguration section */

/* Begin XCConfigurationList section */
		49BD1A55224207B4005A2252 /* Build configuration list for PBXProject "iOSTerminal" */ = {
			isa = XCConfigurationList;
			buildConfigurations = (
				49BD1A75224207B7005A2252 /* Debug */,
				49BD1A76224207B7005A2252 /* Release */,
			);
			defaultConfigurationIsVisible = 0;
			defaultConfigurationName = Release;
		};
		49BD1A77224207B7005A2252 /* Build configuration list for PBXNativeTarget "iOSTerminal" */ = {
			isa = XCConfigurationList;
			buildConfigurations = (
				49BD1A78224207B7005A2252 /* Debug */,
				49BD1A79224207B7005A2252 /* Release */,
			);
			defaultConfigurationIsVisible = 0;
			defaultConfigurationName = Release;
		};
/* End XCConfigurationList section */

/* Begin XCRemoteSwiftPackageReference section */
		498667032575F1FD006BFFA0 /* XCRemoteSwiftPackageReference "SwiftSH" */ = {
			isa = XCRemoteSwiftPackageReference;
			repositoryURL = "https://github.com/migueldeicaza/SwiftSH.binaries";
			requirement = {
				branch = master;
				kind = branch;
			};
		};
/* End XCRemoteSwiftPackageReference section */

/* Begin XCSwiftPackageProductDependency section */
		4959FFDA2447F971001F42C0 /* SwiftTerm */ = {
			isa = XCSwiftPackageProductDependency;
			productName = SwiftTerm;
		};
		498667042575F1FD006BFFA0 /* SwiftSH */ = {
			isa = XCSwiftPackageProductDependency;
			package = 498667032575F1FD006BFFA0 /* XCRemoteSwiftPackageReference "SwiftSH" */;
			productName = SwiftSH;
		};
/* End XCSwiftPackageProductDependency section */
	};
	rootObject = 49BD1A52224207B4005A2252 /* Project object */;
}
