// !$*UTF8*$!
{
	archiveVersion = 1;
	classes = {
	};
	objectVersion = 50;
	objects = {

/* Begin PBXBuildFile section */
		4900D7DA224DB4A50046E774 /* BufferSet.swift in Sources */ = {isa = PBXBuildFile; fileRef = 4900D7D9224DB4A50046E774 /* BufferSet.swift */; };
		4900D7DC224DB8470046E774 /* EscapeSequenceParser.swift in Sources */ = {isa = PBXBuildFile; fileRef = 4900D7DB224DB8470046E774 /* EscapeSequenceParser.swift */; };
		4900D7DE22506F5F0046E774 /* EscapeSequences.swift in Sources */ = {isa = PBXBuildFile; fileRef = 4900D7DD22506F5F0046E774 /* EscapeSequences.swift */; };
		499D02252249C409002BF7E7 /* CircularList.swift in Sources */ = {isa = PBXBuildFile; fileRef = 499D02242249C409002BF7E7 /* CircularList.swift */; };
		49BD1A5E224207B5005A2252 /* AppDelegate.swift in Sources */ = {isa = PBXBuildFile; fileRef = 49BD1A5D224207B5005A2252 /* AppDelegate.swift */; };
		49BD1A60224207B5005A2252 /* ViewController.swift in Sources */ = {isa = PBXBuildFile; fileRef = 49BD1A5F224207B5005A2252 /* ViewController.swift */; };
		49BD1A63224207B5005A2252 /* Main.storyboard in Resources */ = {isa = PBXBuildFile; fileRef = 49BD1A61224207B5005A2252 /* Main.storyboard */; };
		49BD1A65224207B7005A2252 /* Assets.xcassets in Resources */ = {isa = PBXBuildFile; fileRef = 49BD1A64224207B7005A2252 /* Assets.xcassets */; };
		49BD1A68224207B7005A2252 /* LaunchScreen.storyboard in Resources */ = {isa = PBXBuildFile; fileRef = 49BD1A66224207B7005A2252 /* LaunchScreen.storyboard */; };
		49BD1A73224207B7005A2252 /* SwiftTermTests.swift in Sources */ = {isa = PBXBuildFile; fileRef = 49BD1A72224207B7005A2252 /* SwiftTermTests.swift */; };
		49BD1A7F2242083D005A2252 /* CharData.swift in Sources */ = {isa = PBXBuildFile; fileRef = 49BD1A7E2242083D005A2252 /* CharData.swift */; };
		49EA37BC240B697300BC8A85 /* TerminalOptions.swift in Sources */ = {isa = PBXBuildFile; fileRef = 49EA37BB240B697300BC8A85 /* TerminalOptions.swift */; };
		49EA37BE240B71B800BC8A85 /* Reflow.swift in Sources */ = {isa = PBXBuildFile; fileRef = 49EA37BD240B71B800BC8A85 /* Reflow.swift */; };
		49EA37C0240C11CC00BC8A85 /* Colors.swift in Sources */ = {isa = PBXBuildFile; fileRef = 49EA37BF240C11CC00BC8A85 /* Colors.swift */; };
		49F5BFD0224B14DC00E1C62F /* Buffer.swift in Sources */ = {isa = PBXBuildFile; fileRef = 49F5BFCF224B14DC00E1C62F /* Buffer.swift */; };
		49F5BFD2224B150000E1C62F /* BufferLine.swift in Sources */ = {isa = PBXBuildFile; fileRef = 49F5BFD1224B150000E1C62F /* BufferLine.swift */; };
		49F5BFD4224C5D3500E1C62F /* Terminal.swift in Sources */ = {isa = PBXBuildFile; fileRef = 49F5BFD3224C5D3500E1C62F /* Terminal.swift */; };
/* End PBXBuildFile section */

/* Begin PBXContainerItemProxy section */
		49BD1A6F224207B7005A2252 /* PBXContainerItemProxy */ = {
			isa = PBXContainerItemProxy;
			containerPortal = 49BD1A52224207B4005A2252 /* Project object */;
			proxyType = 1;
			remoteGlobalIDString = 49BD1A59224207B5005A2252;
			remoteInfo = SwiftTerm;
		};
/* End PBXContainerItemProxy section */

/* Begin PBXFileReference section */
		4900D7D9224DB4A50046E774 /* BufferSet.swift */ = {isa = PBXFileReference; lastKnownFileType = sourcecode.swift; path = BufferSet.swift; sourceTree = "<group>"; };
		4900D7DB224DB8470046E774 /* EscapeSequenceParser.swift */ = {isa = PBXFileReference; lastKnownFileType = sourcecode.swift; path = EscapeSequenceParser.swift; sourceTree = "<group>"; };
		4900D7DD22506F5F0046E774 /* EscapeSequences.swift */ = {isa = PBXFileReference; lastKnownFileType = sourcecode.swift; path = EscapeSequences.swift; sourceTree = "<group>"; };
		499D02242249C409002BF7E7 /* CircularList.swift */ = {isa = PBXFileReference; lastKnownFileType = sourcecode.swift; path = CircularList.swift; sourceTree = "<group>"; };
		49BD1A5A224207B5005A2252 /* SwiftTerm.app */ = {isa = PBXFileReference; explicitFileType = wrapper.application; includeInIndex = 0; path = SwiftTerm.app; sourceTree = BUILT_PRODUCTS_DIR; };
		49BD1A5D224207B5005A2252 /* AppDelegate.swift */ = {isa = PBXFileReference; lastKnownFileType = sourcecode.swift; path = AppDelegate.swift; sourceTree = "<group>"; };
		49BD1A5F224207B5005A2252 /* ViewController.swift */ = {isa = PBXFileReference; lastKnownFileType = sourcecode.swift; path = ViewController.swift; sourceTree = "<group>"; };
		49BD1A62224207B5005A2252 /* Base */ = {isa = PBXFileReference; lastKnownFileType = file.storyboard; name = Base; path = Base.lproj/Main.storyboard; sourceTree = "<group>"; };
		49BD1A64224207B7005A2252 /* Assets.xcassets */ = {isa = PBXFileReference; lastKnownFileType = folder.assetcatalog; path = Assets.xcassets; sourceTree = "<group>"; };
		49BD1A67224207B7005A2252 /* Base */ = {isa = PBXFileReference; lastKnownFileType = file.storyboard; name = Base; path = Base.lproj/LaunchScreen.storyboard; sourceTree = "<group>"; };
		49BD1A69224207B7005A2252 /* Info.plist */ = {isa = PBXFileReference; lastKnownFileType = text.plist.xml; path = Info.plist; sourceTree = "<group>"; };
		49BD1A6E224207B7005A2252 /* SwiftTermTests.xctest */ = {isa = PBXFileReference; explicitFileType = wrapper.cfbundle; includeInIndex = 0; path = SwiftTermTests.xctest; sourceTree = BUILT_PRODUCTS_DIR; };
		49BD1A72224207B7005A2252 /* SwiftTermTests.swift */ = {isa = PBXFileReference; lastKnownFileType = sourcecode.swift; path = SwiftTermTests.swift; sourceTree = "<group>"; };
		49BD1A74224207B7005A2252 /* Info.plist */ = {isa = PBXFileReference; lastKnownFileType = text.plist.xml; path = Info.plist; sourceTree = "<group>"; };
		49BD1A7E2242083D005A2252 /* CharData.swift */ = {isa = PBXFileReference; lastKnownFileType = sourcecode.swift; path = CharData.swift; sourceTree = "<group>"; };
		49EA37BB240B697300BC8A85 /* TerminalOptions.swift */ = {isa = PBXFileReference; lastKnownFileType = sourcecode.swift; path = TerminalOptions.swift; sourceTree = "<group>"; };
		49EA37BD240B71B800BC8A85 /* Reflow.swift */ = {isa = PBXFileReference; lastKnownFileType = sourcecode.swift; path = Reflow.swift; sourceTree = "<group>"; };
		49EA37BF240C11CC00BC8A85 /* Colors.swift */ = {isa = PBXFileReference; lastKnownFileType = sourcecode.swift; path = Colors.swift; sourceTree = "<group>"; };
		49F5BFCF224B14DC00E1C62F /* Buffer.swift */ = {isa = PBXFileReference; lastKnownFileType = sourcecode.swift; path = Buffer.swift; sourceTree = "<group>"; };
		49F5BFD1224B150000E1C62F /* BufferLine.swift */ = {isa = PBXFileReference; lastKnownFileType = sourcecode.swift; path = BufferLine.swift; sourceTree = "<group>"; };
		49F5BFD3224C5D3500E1C62F /* Terminal.swift */ = {isa = PBXFileReference; lastKnownFileType = sourcecode.swift; path = Terminal.swift; sourceTree = "<group>"; };
/* End PBXFileReference section */

/* Begin PBXFrameworksBuildPhase section */
		49BD1A57224207B5005A2252 /* Frameworks */ = {
			isa = PBXFrameworksBuildPhase;
			buildActionMask = 2147483647;
			files = (
			);
			runOnlyForDeploymentPostprocessing = 0;
		};
		49BD1A6B224207B7005A2252 /* Frameworks */ = {
			isa = PBXFrameworksBuildPhase;
			buildActionMask = 2147483647;
			files = (
			);
			runOnlyForDeploymentPostprocessing = 0;
		};
/* End PBXFrameworksBuildPhase section */

/* Begin PBXGroup section */
		49BD1A51224207B4005A2252 = {
			isa = PBXGroup;
			children = (
				49BD1A5C224207B5005A2252 /* SwiftTerm */,
				49BD1A71224207B7005A2252 /* SwiftTermTests */,
				49BD1A5B224207B5005A2252 /* Products */,
			);
			sourceTree = "<group>";
		};
		49BD1A5B224207B5005A2252 /* Products */ = {
			isa = PBXGroup;
			children = (
				49BD1A5A224207B5005A2252 /* SwiftTerm.app */,
				49BD1A6E224207B7005A2252 /* SwiftTermTests.xctest */,
			);
			name = Products;
			sourceTree = "<group>";
		};
		49BD1A5C224207B5005A2252 /* SwiftTerm */ = {
			isa = PBXGroup;
			children = (
				49BD1A7D2242080E005A2252 /* SwiftTerm */,
				49BD1A5D224207B5005A2252 /* AppDelegate.swift */,
				49BD1A5F224207B5005A2252 /* ViewController.swift */,
				49BD1A61224207B5005A2252 /* Main.storyboard */,
				49BD1A64224207B7005A2252 /* Assets.xcassets */,
				49BD1A66224207B7005A2252 /* LaunchScreen.storyboard */,
				49BD1A69224207B7005A2252 /* Info.plist */,
			);
			path = SwiftTerm;
			sourceTree = "<group>";
		};
		49BD1A71224207B7005A2252 /* SwiftTermTests */ = {
			isa = PBXGroup;
			children = (
				49BD1A72224207B7005A2252 /* SwiftTermTests.swift */,
				49BD1A74224207B7005A2252 /* Info.plist */,
			);
			path = SwiftTermTests;
			sourceTree = "<group>";
		};
		49BD1A7D2242080E005A2252 /* SwiftTerm */ = {
			isa = PBXGroup;
			children = (
				49BD1A7E2242083D005A2252 /* CharData.swift */,
				499D02242249C409002BF7E7 /* CircularList.swift */,
				49F5BFCF224B14DC00E1C62F /* Buffer.swift */,
				49F5BFD3224C5D3500E1C62F /* Terminal.swift */,
				49F5BFD1224B150000E1C62F /* BufferLine.swift */,
				4900D7D9224DB4A50046E774 /* BufferSet.swift */,
				4900D7DB224DB8470046E774 /* EscapeSequenceParser.swift */,
				4900D7DD22506F5F0046E774 /* EscapeSequences.swift */,
				49EA37BB240B697300BC8A85 /* TerminalOptions.swift */,
				49EA37BD240B71B800BC8A85 /* Reflow.swift */,
				49EA37BF240C11CC00BC8A85 /* Colors.swift */,
			);
			path = SwiftTerm;
			sourceTree = "<group>";
		};
/* End PBXGroup section */

/* Begin PBXNativeTarget section */
		49BD1A59224207B5005A2252 /* SwiftTerm */ = {
			isa = PBXNativeTarget;
			buildConfigurationList = 49BD1A77224207B7005A2252 /* Build configuration list for PBXNativeTarget "SwiftTerm" */;
			buildPhases = (
				49BD1A56224207B5005A2252 /* Sources */,
				49BD1A57224207B5005A2252 /* Frameworks */,
				49BD1A58224207B5005A2252 /* Resources */,
			);
			buildRules = (
			);
			dependencies = (
			);
			name = SwiftTerm;
			productName = SwiftTerm;
			productReference = 49BD1A5A224207B5005A2252 /* SwiftTerm.app */;
			productType = "com.apple.product-type.application";
		};
		49BD1A6D224207B7005A2252 /* SwiftTermTests */ = {
			isa = PBXNativeTarget;
			buildConfigurationList = 49BD1A7A224207B7005A2252 /* Build configuration list for PBXNativeTarget "SwiftTermTests" */;
			buildPhases = (
				49BD1A6A224207B7005A2252 /* Sources */,
				49BD1A6B224207B7005A2252 /* Frameworks */,
				49BD1A6C224207B7005A2252 /* Resources */,
			);
			buildRules = (
			);
			dependencies = (
				49BD1A70224207B7005A2252 /* PBXTargetDependency */,
			);
			name = SwiftTermTests;
			productName = SwiftTermTests;
			productReference = 49BD1A6E224207B7005A2252 /* SwiftTermTests.xctest */;
			productType = "com.apple.product-type.bundle.unit-test";
		};
/* End PBXNativeTarget section */

/* Begin PBXProject section */
		49BD1A52224207B4005A2252 /* Project object */ = {
			isa = PBXProject;
			attributes = {
				LastSwiftUpdateCheck = 1010;
				LastUpgradeCheck = 1010;
				ORGANIZATIONNAME = "Miguel de Icaza";
				TargetAttributes = {
					49BD1A59224207B5005A2252 = {
						CreatedOnToolsVersion = 10.1;
						LastSwiftMigration = 1130;
					};
					49BD1A6D224207B7005A2252 = {
						CreatedOnToolsVersion = 10.1;
						LastSwiftMigration = 1130;
						TestTargetID = 49BD1A59224207B5005A2252;
					};
				};
			};
			buildConfigurationList = 49BD1A55224207B4005A2252 /* Build configuration list for PBXProject "SwiftTerm" */;
			compatibilityVersion = "Xcode 9.3";
			developmentRegion = en;
			hasScannedForEncodings = 0;
			knownRegions = (
				en,
				Base,
			);
			mainGroup = 49BD1A51224207B4005A2252;
			productRefGroup = 49BD1A5B224207B5005A2252 /* Products */;
			projectDirPath = "";
			projectRoot = "";
			targets = (
				49BD1A59224207B5005A2252 /* SwiftTerm */,
				49BD1A6D224207B7005A2252 /* SwiftTermTests */,
			);
		};
/* End PBXProject section */

/* Begin PBXResourcesBuildPhase section */
		49BD1A58224207B5005A2252 /* Resources */ = {
			isa = PBXResourcesBuildPhase;
			buildActionMask = 2147483647;
			files = (
				49BD1A68224207B7005A2252 /* LaunchScreen.storyboard in Resources */,
				49BD1A65224207B7005A2252 /* Assets.xcassets in Resources */,
				49BD1A63224207B5005A2252 /* Main.storyboard in Resources */,
			);
			runOnlyForDeploymentPostprocessing = 0;
		};
		49BD1A6C224207B7005A2252 /* Resources */ = {
			isa = PBXResourcesBuildPhase;
			buildActionMask = 2147483647;
			files = (
			);
			runOnlyForDeploymentPostprocessing = 0;
		};
/* End PBXResourcesBuildPhase section */

/* Begin PBXSourcesBuildPhase section */
		49BD1A56224207B5005A2252 /* Sources */ = {
			isa = PBXSourcesBuildPhase;
			buildActionMask = 2147483647;
			files = (
				4900D7DA224DB4A50046E774 /* BufferSet.swift in Sources */,
				49BD1A7F2242083D005A2252 /* CharData.swift in Sources */,
				49EA37BE240B71B800BC8A85 /* Reflow.swift in Sources */,
				49BD1A60224207B5005A2252 /* ViewController.swift in Sources */,
				4900D7DC224DB8470046E774 /* EscapeSequenceParser.swift in Sources */,
				499D02252249C409002BF7E7 /* CircularList.swift in Sources */,
				49F5BFD2224B150000E1C62F /* BufferLine.swift in Sources */,
				49F5BFD0224B14DC00E1C62F /* Buffer.swift in Sources */,
				49EA37C0240C11CC00BC8A85 /* Colors.swift in Sources */,
				49EA37BC240B697300BC8A85 /* TerminalOptions.swift in Sources */,
				4900D7DE22506F5F0046E774 /* EscapeSequences.swift in Sources */,
				49BD1A5E224207B5005A2252 /* AppDelegate.swift in Sources */,
				49F5BFD4224C5D3500E1C62F /* Terminal.swift in Sources */,
			);
			runOnlyForDeploymentPostprocessing = 0;
		};
		49BD1A6A224207B7005A2252 /* Sources */ = {
			isa = PBXSourcesBuildPhase;
			buildActionMask = 2147483647;
			files = (
				49BD1A73224207B7005A2252 /* SwiftTermTests.swift in Sources */,
			);
			runOnlyForDeploymentPostprocessing = 0;
		};
/* End PBXSourcesBuildPhase section */

/* Begin PBXTargetDependency section */
		49BD1A70224207B7005A2252 /* PBXTargetDependency */ = {
			isa = PBXTargetDependency;
			target = 49BD1A59224207B5005A2252 /* SwiftTerm */;
			targetProxy = 49BD1A6F224207B7005A2252 /* PBXContainerItemProxy */;
		};
/* End PBXTargetDependency section */

/* Begin PBXVariantGroup section */
		49BD1A61224207B5005A2252 /* Main.storyboard */ = {
			isa = PBXVariantGroup;
			children = (
				49BD1A62224207B5005A2252 /* Base */,
			);
			name = Main.storyboard;
			sourceTree = "<group>";
		};
		49BD1A66224207B7005A2252 /* LaunchScreen.storyboard */ = {
			isa = PBXVariantGroup;
			children = (
				49BD1A67224207B7005A2252 /* Base */,
			);
			name = LaunchScreen.storyboard;
			sourceTree = "<group>";
		};
/* End PBXVariantGroup section */

/* Begin XCBuildConfiguration section */
		49BD1A75224207B7005A2252 /* Debug */ = {
			isa = XCBuildConfiguration;
			buildSettings = {
				ALWAYS_SEARCH_USER_PATHS = NO;
				CLANG_ANALYZER_NONNULL = YES;
				CLANG_ANALYZER_NUMBER_OBJECT_CONVERSION = YES_AGGRESSIVE;
				CLANG_CXX_LANGUAGE_STANDARD = "gnu++14";
				CLANG_CXX_LIBRARY = "libc++";
				CLANG_ENABLE_MODULES = YES;
				CLANG_ENABLE_OBJC_ARC = YES;
				CLANG_ENABLE_OBJC_WEAK = YES;
				CLANG_WARN_BLOCK_CAPTURE_AUTORELEASING = YES;
				CLANG_WARN_BOOL_CONVERSION = YES;
				CLANG_WARN_COMMA = YES;
				CLANG_WARN_CONSTANT_CONVERSION = YES;
				CLANG_WARN_DEPRECATED_OBJC_IMPLEMENTATIONS = YES;
				CLANG_WARN_DIRECT_OBJC_ISA_USAGE = YES_ERROR;
				CLANG_WARN_DOCUMENTATION_COMMENTS = YES;
				CLANG_WARN_EMPTY_BODY = YES;
				CLANG_WARN_ENUM_CONVERSION = YES;
				CLANG_WARN_INFINITE_RECURSION = YES;
				CLANG_WARN_INT_CONVERSION = YES;
				CLANG_WARN_NON_LITERAL_NULL_CONVERSION = YES;
				CLANG_WARN_OBJC_IMPLICIT_RETAIN_SELF = YES;
				CLANG_WARN_OBJC_LITERAL_CONVERSION = YES;
				CLANG_WARN_OBJC_ROOT_CLASS = YES_ERROR;
				CLANG_WARN_RANGE_LOOP_ANALYSIS = YES;
				CLANG_WARN_STRICT_PROTOTYPES = YES;
				CLANG_WARN_SUSPICIOUS_MOVE = YES;
				CLANG_WARN_UNGUARDED_AVAILABILITY = YES_AGGRESSIVE;
				CLANG_WARN_UNREACHABLE_CODE = YES;
				CLANG_WARN__DUPLICATE_METHOD_MATCH = YES;
				CODE_SIGN_IDENTITY = "iPhone Developer";
				COPY_PHASE_STRIP = NO;
				DEBUG_INFORMATION_FORMAT = dwarf;
				ENABLE_STRICT_OBJC_MSGSEND = YES;
				ENABLE_TESTABILITY = YES;
				GCC_C_LANGUAGE_STANDARD = gnu11;
				GCC_DYNAMIC_NO_PIC = NO;
				GCC_NO_COMMON_BLOCKS = YES;
				GCC_OPTIMIZATION_LEVEL = 0;
				GCC_PREPROCESSOR_DEFINITIONS = (
					"DEBUG=1",
					"$(inherited)",
				);
				GCC_WARN_64_TO_32_BIT_CONVERSION = YES;
				GCC_WARN_ABOUT_RETURN_TYPE = YES_ERROR;
				GCC_WARN_UNDECLARED_SELECTOR = YES;
				GCC_WARN_UNINITIALIZED_AUTOS = YES_AGGRESSIVE;
				GCC_WARN_UNUSED_FUNCTION = YES;
				GCC_WARN_UNUSED_VARIABLE = YES;
				IPHONEOS_DEPLOYMENT_TARGET = 12.1;
				MTL_ENABLE_DEBUG_INFO = INCLUDE_SOURCE;
				MTL_FAST_MATH = YES;
				ONLY_ACTIVE_ARCH = YES;
				SDKROOT = iphoneos;
				SWIFT_ACTIVE_COMPILATION_CONDITIONS = DEBUG;
				SWIFT_OPTIMIZATION_LEVEL = "-Onone";
			};
			name = Debug;
		};
		49BD1A76224207B7005A2252 /* Release */ = {
			isa = XCBuildConfiguration;
			buildSettings = {
				ALWAYS_SEARCH_USER_PATHS = NO;
				CLANG_ANALYZER_NONNULL = YES;
				CLANG_ANALYZER_NUMBER_OBJECT_CONVERSION = YES_AGGRESSIVE;
				CLANG_CXX_LANGUAGE_STANDARD = "gnu++14";
				CLANG_CXX_LIBRARY = "libc++";
				CLANG_ENABLE_MODULES = YES;
				CLANG_ENABLE_OBJC_ARC = YES;
				CLANG_ENABLE_OBJC_WEAK = YES;
				CLANG_WARN_BLOCK_CAPTURE_AUTORELEASING = YES;
				CLANG_WARN_BOOL_CONVERSION = YES;
				CLANG_WARN_COMMA = YES;
				CLANG_WARN_CONSTANT_CONVERSION = YES;
				CLANG_WARN_DEPRECATED_OBJC_IMPLEMENTATIONS = YES;
				CLANG_WARN_DIRECT_OBJC_ISA_USAGE = YES_ERROR;
				CLANG_WARN_DOCUMENTATION_COMMENTS = YES;
				CLANG_WARN_EMPTY_BODY = YES;
				CLANG_WARN_ENUM_CONVERSION = YES;
				CLANG_WARN_INFINITE_RECURSION = YES;
				CLANG_WARN_INT_CONVERSION = YES;
				CLANG_WARN_NON_LITERAL_NULL_CONVERSION = YES;
				CLANG_WARN_OBJC_IMPLICIT_RETAIN_SELF = YES;
				CLANG_WARN_OBJC_LITERAL_CONVERSION = YES;
				CLANG_WARN_OBJC_ROOT_CLASS = YES_ERROR;
				CLANG_WARN_RANGE_LOOP_ANALYSIS = YES;
				CLANG_WARN_STRICT_PROTOTYPES = YES;
				CLANG_WARN_SUSPICIOUS_MOVE = YES;
				CLANG_WARN_UNGUARDED_AVAILABILITY = YES_AGGRESSIVE;
				CLANG_WARN_UNREACHABLE_CODE = YES;
				CLANG_WARN__DUPLICATE_METHOD_MATCH = YES;
				CODE_SIGN_IDENTITY = "iPhone Developer";
				COPY_PHASE_STRIP = NO;
				DEBUG_INFORMATION_FORMAT = "dwarf-with-dsym";
				ENABLE_NS_ASSERTIONS = NO;
				ENABLE_STRICT_OBJC_MSGSEND = YES;
				GCC_C_LANGUAGE_STANDARD = gnu11;
				GCC_NO_COMMON_BLOCKS = YES;
				GCC_WARN_64_TO_32_BIT_CONVERSION = YES;
				GCC_WARN_ABOUT_RETURN_TYPE = YES_ERROR;
				GCC_WARN_UNDECLARED_SELECTOR = YES;
				GCC_WARN_UNINITIALIZED_AUTOS = YES_AGGRESSIVE;
				GCC_WARN_UNUSED_FUNCTION = YES;
				GCC_WARN_UNUSED_VARIABLE = YES;
				IPHONEOS_DEPLOYMENT_TARGET = 12.1;
				MTL_ENABLE_DEBUG_INFO = NO;
				MTL_FAST_MATH = YES;
				SDKROOT = iphoneos;
				SWIFT_COMPILATION_MODE = wholemodule;
				SWIFT_OPTIMIZATION_LEVEL = "-O";
				VALIDATE_PRODUCT = YES;
			};
			name = Release;
		};
		49BD1A78224207B7005A2252 /* Debug */ = {
			isa = XCBuildConfiguration;
			buildSettings = {
				ASSETCATALOG_COMPILER_APPICON_NAME = AppIcon;
				CODE_SIGN_STYLE = Automatic;
				INFOPLIST_FILE = SwiftTerm/Info.plist;
				LD_RUNPATH_SEARCH_PATHS = (
					"$(inherited)",
					"@executable_path/Frameworks",
				);
				PRODUCT_BUNDLE_IDENTIFIER = org.tirania.SwiftTerm;
				PRODUCT_NAME = "$(TARGET_NAME)";
				SWIFT_VERSION = 5.0;
				TARGETED_DEVICE_FAMILY = "1,2";
			};
			name = Debug;
		};
		49BD1A79224207B7005A2252 /* Release */ = {
			isa = XCBuildConfiguration;
			buildSettings = {
				ASSETCATALOG_COMPILER_APPICON_NAME = AppIcon;
				CODE_SIGN_STYLE = Automatic;
				INFOPLIST_FILE = SwiftTerm/Info.plist;
				LD_RUNPATH_SEARCH_PATHS = (
					"$(inherited)",
					"@executable_path/Frameworks",
				);
				PRODUCT_BUNDLE_IDENTIFIER = org.tirania.SwiftTerm;
				PRODUCT_NAME = "$(TARGET_NAME)";
				SWIFT_VERSION = 5.0;
				TARGETED_DEVICE_FAMILY = "1,2";
			};
			name = Release;
		};
		49BD1A7B224207B7005A2252 /* Debug */ = {
			isa = XCBuildConfiguration;
			buildSettings = {
				ALWAYS_EMBED_SWIFT_STANDARD_LIBRARIES = YES;
				BUNDLE_LOADER = "$(TEST_HOST)";
				CODE_SIGN_STYLE = Automatic;
				INFOPLIST_FILE = SwiftTermTests/Info.plist;
				LD_RUNPATH_SEARCH_PATHS = (
					"$(inherited)",
					"@executable_path/Frameworks",
					"@loader_path/Frameworks",
				);
				PRODUCT_BUNDLE_IDENTIFIER = org.tirania.SwiftTermTests;
				PRODUCT_NAME = "$(TARGET_NAME)";
				SWIFT_VERSION = 5.0;
				TARGETED_DEVICE_FAMILY = "1,2";
				TEST_HOST = "$(BUILT_PRODUCTS_DIR)/SwiftTerm.app/SwiftTerm";
			};
			name = Debug;
		};
		49BD1A7C224207B7005A2252 /* Release */ = {
			isa = XCBuildConfiguration;
			buildSettings = {
				ALWAYS_EMBED_SWIFT_STANDARD_LIBRARIES = YES;
				BUNDLE_LOADER = "$(TEST_HOST)";
				CODE_SIGN_STYLE = Automatic;
				INFOPLIST_FILE = SwiftTermTests/Info.plist;
				LD_RUNPATH_SEARCH_PATHS = (
					"$(inherited)",
					"@executable_path/Frameworks",
					"@loader_path/Frameworks",
				);
				PRODUCT_BUNDLE_IDENTIFIER = org.tirania.SwiftTermTests;
				PRODUCT_NAME = "$(TARGET_NAME)";
				SWIFT_VERSION = 5.0;
				TARGETED_DEVICE_FAMILY = "1,2";
				TEST_HOST = "$(BUILT_PRODUCTS_DIR)/SwiftTerm.app/SwiftTerm";
			};
			name = Release;
		};
/* End XCBuildConfiguration section */

/* Begin XCConfigurationList section */
		49BD1A55224207B4005A2252 /* Build configuration list for PBXProject "SwiftTerm" */ = {
			isa = XCConfigurationList;
			buildConfigurations = (
				49BD1A75224207B7005A2252 /* Debug */,
				49BD1A76224207B7005A2252 /* Release */,
			);
			defaultConfigurationIsVisible = 0;
			defaultConfigurationName = Release;
		};
		49BD1A77224207B7005A2252 /* Build configuration list for PBXNativeTarget "SwiftTerm" */ = {
			isa = XCConfigurationList;
			buildConfigurations = (
				49BD1A78224207B7005A2252 /* Debug */,
				49BD1A79224207B7005A2252 /* Release */,
			);
			defaultConfigurationIsVisible = 0;
			defaultConfigurationName = Release;
		};
		49BD1A7A224207B7005A2252 /* Build configuration list for PBXNativeTarget "SwiftTermTests" */ = {
			isa = XCConfigurationList;
			buildConfigurations = (
				49BD1A7B224207B7005A2252 /* Debug */,
				49BD1A7C224207B7005A2252 /* Release */,
			);
			defaultConfigurationIsVisible = 0;
			defaultConfigurationName = Release;
		};
/* End XCConfigurationList section */
	};
	rootObject = 49BD1A52224207B4005A2252 /* Project object */;
}
